// !$*UTF8*$!
{
	archiveVersion = 1;
	classes = {
	};
	objectVersion = 46;
	objects = {

/* Begin PBXBuildFile section */
		C38E9A271F57621400EF2E58 /* AppDelegate.swift in Sources */ = {isa = PBXBuildFile; fileRef = C38E9A261F57621400EF2E58 /* AppDelegate.swift */; };
		C38E9A291F57621400EF2E58 /* ViewController.swift in Sources */ = {isa = PBXBuildFile; fileRef = C38E9A281F57621400EF2E58 /* ViewController.swift */; };
		C38E9A2C1F57621400EF2E58 /* Main.storyboard in Resources */ = {isa = PBXBuildFile; fileRef = C38E9A2A1F57621400EF2E58 /* Main.storyboard */; };
		C38E9A2E1F57621400EF2E58 /* Assets.xcassets in Resources */ = {isa = PBXBuildFile; fileRef = C38E9A2D1F57621400EF2E58 /* Assets.xcassets */; };
		C38E9A311F57621400EF2E58 /* LaunchScreen.storyboard in Resources */ = {isa = PBXBuildFile; fileRef = C38E9A2F1F57621400EF2E58 /* LaunchScreen.storyboard */; };
/* End PBXBuildFile section */

/* Begin PBXFileReference section */
		C38E9A231F57621400EF2E58 /* Clueless.app */ = {isa = PBXFileReference; explicitFileType = wrapper.application; includeInIndex = 0; path = Clueless.app; sourceTree = BUILT_PRODUCTS_DIR; };
		C38E9A261F57621400EF2E58 /* AppDelegate.swift */ = {isa = PBXFileReference; lastKnownFileType = sourcecode.swift; path = AppDelegate.swift; sourceTree = "<group>"; };
		C38E9A281F57621400EF2E58 /* ViewController.swift */ = {isa = PBXFileReference; lastKnownFileType = sourcecode.swift; path = ViewController.swift; sourceTree = "<group>"; };
		C38E9A2B1F57621400EF2E58 /* Base */ = {isa = PBXFileReference; lastKnownFileType = file.storyboard; name = Base; path = Base.lproj/Main.storyboard; sourceTree = "<group>"; };
		C38E9A2D1F57621400EF2E58 /* Assets.xcassets */ = {isa = PBXFileReference; lastKnownFileType = folder.assetcatalog; path = Assets.xcassets; sourceTree = "<group>"; };
		C38E9A301F57621400EF2E58 /* Base */ = {isa = PBXFileReference; lastKnownFileType = file.storyboard; name = Base; path = Base.lproj/LaunchScreen.storyboard; sourceTree = "<group>"; };
		C38E9A321F57621400EF2E58 /* Info.plist */ = {isa = PBXFileReference; lastKnownFileType = text.plist.xml; path = Info.plist; sourceTree = "<group>"; };
/* End PBXFileReference section */

/* Begin PBXFrameworksBuildPhase section */
		C38E9A201F57621400EF2E58 /* Frameworks */ = {
			isa = PBXFrameworksBuildPhase;
			buildActionMask = 2147483647;
			files = (
			);
			runOnlyForDeploymentPostprocessing = 0;
		};
/* End PBXFrameworksBuildPhase section */

/* Begin PBXGroup section */
		C38E9A1A1F57621400EF2E58 = {
			isa = PBXGroup;
			children = (
				C38E9A251F57621400EF2E58 /* Clueless */,
				C38E9A241F57621400EF2E58 /* Products */,
			);
			sourceTree = "<group>";
		};
		C38E9A241F57621400EF2E58 /* Products */ = {
			isa = PBXGroup;
			children = (
				C38E9A231F57621400EF2E58 /* Clueless.app */,
			);
			name = Products;
			sourceTree = "<group>";
		};
		C38E9A251F57621400EF2E58 /* Clueless */ = {
			isa = PBXGroup;
			children = (
				C38E9A261F57621400EF2E58 /* AppDelegate.swift */,
				C38E9A281F57621400EF2E58 /* ViewController.swift */,
				C38E9A2A1F57621400EF2E58 /* Main.storyboard */,
				C38E9A2D1F57621400EF2E58 /* Assets.xcassets */,
				C38E9A2F1F57621400EF2E58 /* LaunchScreen.storyboard */,
				C38E9A321F57621400EF2E58 /* Info.plist */,
			);
			path = Clueless;
			sourceTree = "<group>";
		};
/* End PBXGroup section */

/* Begin PBXNativeTarget section */
		C38E9A221F57621400EF2E58 /* Clueless */ = {
			isa = PBXNativeTarget;
			buildConfigurationList = C38E9A351F57621400EF2E58 /* Build configuration list for PBXNativeTarget "Clueless" */;
			buildPhases = (
				C38E9A1F1F57621400EF2E58 /* Sources */,
				C38E9A201F57621400EF2E58 /* Frameworks */,
				C38E9A211F57621400EF2E58 /* Resources */,
			);
			buildRules = (
			);
			dependencies = (
			);
			name = Clueless;
			productName = Clueless;
			productReference = C38E9A231F57621400EF2E58 /* Clueless.app */;
			productType = "com.apple.product-type.application";
		};
/* End PBXNativeTarget section */

/* Begin PBXProject section */
		C38E9A1B1F57621400EF2E58 /* Project object */ = {
			isa = PBXProject;
			attributes = {
				LastSwiftUpdateCheck = 0830;
				LastUpgradeCheck = 0830;
				ORGANIZATIONNAME = "Lizzie Kim";
				TargetAttributes = {
					C38E9A221F57621400EF2E58 = {
						CreatedOnToolsVersion = 8.3.3;
						ProvisioningStyle = Automatic;
					};
				};
			};
			buildConfigurationList = C38E9A1E1F57621400EF2E58 /* Build configuration list for PBXProject "Clueless" */;
			compatibilityVersion = "Xcode 3.2";
			developmentRegion = English;
			hasScannedForEncodings = 0;
			knownRegions = (
				en,
				Base,
			);
			mainGroup = C38E9A1A1F57621400EF2E58;
			productRefGroup = C38E9A241F57621400EF2E58 /* Products */;
			projectDirPath = "";
			projectRoot = "";
			targets = (
				C38E9A221F57621400EF2E58 /* Clueless */,
			);
		};
/* End PBXProject section */

/* Begin PBXResourcesBuildPhase section */
		C38E9A211F57621400EF2E58 /* Resources */ = {
			isa = PBXResourcesBuildPhase;
			buildActionMask = 2147483647;
			files = (
				C38E9A311F57621400EF2E58 /* LaunchScreen.storyboard in Resources */,
				C38E9A2E1F57621400EF2E58 /* Assets.xcassets in Resources */,
				C38E9A2C1F57621400EF2E58 /* Main.storyboard in Resources */,
			);
			runOnlyForDeploymentPostprocessing = 0;
		};
/* End PBXResourcesBuildPhase section */

/* Begin PBXSourcesBuildPhase section */
		C38E9A1F1F57621400EF2E58 /* Sources */ = {
			isa = PBXSourcesBuildPhase;
			buildActionMask = 2147483647;
			files = (
				C38E9A291F57621400EF2E58 /* ViewController.swift in Sources */,
				C38E9A271F57621400EF2E58 /* AppDelegate.swift in Sources */,
			);
			runOnlyForDeploymentPostprocessing = 0;
		};
/* End PBXSourcesBuildPhase section */

/* Begin PBXVariantGroup section */
		C38E9A2A1F57621400EF2E58 /* Main.storyboard */ = {
			isa = PBXVariantGroup;
			children = (
				C38E9A2B1F57621400EF2E58 /* Base */,
			);
			name = Main.storyboard;
			sourceTree = "<group>";
		};
		C38E9A2F1F57621400EF2E58 /* LaunchScreen.storyboard */ = {
			isa = PBXVariantGroup;
			children = (
				C38E9A301F57621400EF2E58 /* Base */,
			);
			name = LaunchScreen.storyboard;
			sourceTree = "<group>";
		};
/* End PBXVariantGroup section */

/* Begin XCBuildConfiguration section */
		C38E9A331F57621400EF2E58 /* Debug */ = {
			isa = XCBuildConfiguration;
			buildSettings = {
				ALWAYS_SEARCH_USER_PATHS = NO;
				CLANG_ANALYZER_NONNULL = YES;
				CLANG_ANALYZER_NUMBER_OBJECT_CONVERSION = YES_AGGRESSIVE;
				CLANG_CXX_LANGUAGE_STANDARD = "gnu++0x";
				CLANG_CXX_LIBRARY = "libc++";
				CLANG_ENABLE_MODULES = YES;
				CLANG_ENABLE_OBJC_ARC = YES;
				CLANG_WARN_BOOL_CONVERSION = YES;
				CLANG_WARN_CONSTANT_CONVERSION = YES;
				CLANG_WARN_DIRECT_OBJC_ISA_USAGE = YES_ERROR;
				CLANG_WARN_DOCUMENTATION_COMMENTS = YES;
				CLANG_WARN_EMPTY_BODY = YES;
				CLANG_WARN_ENUM_CONVERSION = YES;
				CLANG_WARN_INFINITE_RECURSION = YES;
				CLANG_WARN_INT_CONVERSION = YES;
				CLANG_WARN_OBJC_ROOT_CLASS = YES_ERROR;
				CLANG_WARN_SUSPICIOUS_MOVE = YES;
				CLANG_WARN_UNREACHABLE_CODE = YES;
				CLANG_WARN__DUPLICATE_METHOD_MATCH = YES;
				"CODE_SIGN_IDENTITY[sdk=iphoneos*]" = "iPhone Developer";
				COPY_PHASE_STRIP = NO;
				DEBUG_INFORMATION_FORMAT = dwarf;
				ENABLE_STRICT_OBJC_MSGSEND = YES;
				ENABLE_TESTABILITY = YES;
				GCC_C_LANGUAGE_STANDARD = gnu99;
				GCC_DYNAMIC_NO_PIC = NO;
				GCC_NO_COMMON_BLOCKS = YES;
				GCC_OPTIMIZATION_LEVEL = 0;
				GCC_PREPROCESSOR_DEFINITIONS = (
					"DEBUG=1",
					"$(inherited)",
				);
				GCC_WARN_64_TO_32_BIT_CONVERSION = YES;
				GCC_WARN_ABOUT_RETURN_TYPE = YES_ERROR;
				GCC_WARN_UNDECLARED_SELECTOR = YES;
				GCC_WARN_UNINITIALIZED_AUTOS = YES_AGGRESSIVE;
				GCC_WARN_UNUSED_FUNCTION = YES;
				GCC_WARN_UNUSED_VARIABLE = YES;
				IPHONEOS_DEPLOYMENT_TARGET = 10.3;
				MTL_ENABLE_DEBUG_INFO = YES;
				ONLY_ACTIVE_ARCH = YES;
				SDKROOT = iphoneos;
				SWIFT_ACTIVE_COMPILATION_CONDITIONS = DEBUG;
				SWIFT_OPTIMIZATION_LEVEL = "-Onone";
			};
			name = Debug;
		};
		C38E9A341F57621400EF2E58 /* Release */ = {
			isa = XCBuildConfiguration;
			buildSettings = {
				ALWAYS_SEARCH_USER_PATHS = NO;
				CLANG_ANALYZER_NONNULL = YES;
				CLANG_ANALYZER_NUMBER_OBJECT_CONVERSION = YES_AGGRESSIVE;
				CLANG_CXX_LANGUAGE_STANDARD = "gnu++0x";
				CLANG_CXX_LIBRARY = "libc++";
				CLANG_ENABLE_MODULES = YES;
				CLANG_ENABLE_OBJC_ARC = YES;
				CLANG_WARN_BOOL_CONVERSION = YES;
				CLANG_WARN_CONSTANT_CONVERSION = YES;
				CLANG_WARN_DIRECT_OBJC_ISA_USAGE = YES_ERROR;
				CLANG_WARN_DOCUMENTATION_COMMENTS = YES;
				CLANG_WARN_EMPTY_BODY = YES;
				CLANG_WARN_ENUM_CONVERSION = YES;
				CLANG_WARN_INFINITE_RECURSION = YES;
				CLANG_WARN_INT_CONVERSION = YES;
				CLANG_WARN_OBJC_ROOT_CLASS = YES_ERROR;
				CLANG_WARN_SUSPICIOUS_MOVE = YES;
				CLANG_WARN_UNREACHABLE_CODE = YES;
				CLANG_WARN__DUPLICATE_METHOD_MATCH = YES;
				"CODE_SIGN_IDENTITY[sdk=iphoneos*]" = "iPhone Developer";
				COPY_PHASE_STRIP = NO;
				DEBUG_INFORMATION_FORMAT = "dwarf-with-dsym";
				ENABLE_NS_ASSERTIONS = NO;
				ENABLE_STRICT_OBJC_MSGSEND = YES;
				GCC_C_LANGUAGE_STANDARD = gnu99;
				GCC_NO_COMMON_BLOCKS = YES;
				GCC_WARN_64_TO_32_BIT_CONVERSION = YES;
				GCC_WARN_ABOUT_RETURN_TYPE = YES_ERROR;
				GCC_WARN_UNDECLARED_SELECTOR = YES;
				GCC_WARN_UNINITIALIZED_AUTOS = YES_AGGRESSIVE;
				GCC_WARN_UNUSED_FUNCTION = YES;
				GCC_WARN_UNUSED_VARIABLE = YES;
				IPHONEOS_DEPLOYMENT_TARGET = 10.3;
				MTL_ENABLE_DEBUG_INFO = NO;
				SDKROOT = iphoneos;
				SWIFT_OPTIMIZATION_LEVEL = "-Owholemodule";
				VALIDATE_PRODUCT = YES;
			};
			name = Release;
		};
		C38E9A361F57621400EF2E58 /* Debug */ = {
			isa = XCBuildConfiguration;
			buildSettings = {
				ASSETCATALOG_COMPILER_APPICON_NAME = AppIcon;
				INFOPLIST_FILE = Clueless/Info.plist;
				LD_RUNPATH_SEARCH_PATHS = "$(inherited) @executable_path/Frameworks";
				PRODUCT_BUNDLE_IDENTIFIER = Tester.Clueless;
				PRODUCT_NAME = "$(TARGET_NAME)";
				SWIFT_VERSION = 3.0;
			};
			name = Debug;
		};
		C38E9A371F57621400EF2E58 /* Release */ = {
			isa = XCBuildConfiguration;
			buildSettings = {
				ASSETCATALOG_COMPILER_APPICON_NAME = AppIcon;
				INFOPLIST_FILE = Clueless/Info.plist;
				LD_RUNPATH_SEARCH_PATHS = "$(inherited) @executable_path/Frameworks";
				PRODUCT_BUNDLE_IDENTIFIER = Tester.Clueless;
				PRODUCT_NAME = "$(TARGET_NAME)";
				SWIFT_VERSION = 3.0;
			};
			name = Release;
		};
/* End XCBuildConfiguration section */

/* Begin XCConfigurationList section */
		C38E9A1E1F57621400EF2E58 /* Build configuration list for PBXProject "Clueless" */ = {
			isa = XCConfigurationList;
			buildConfigurations = (
				C38E9A331F57621400EF2E58 /* Debug */,
				C38E9A341F57621400EF2E58 /* Release */,
			);
			defaultConfigurationIsVisible = 0;
			defaultConfigurationName = Release;
		};
		C38E9A351F57621400EF2E58 /* Build configuration list for PBXNativeTarget "Clueless" */ = {
			isa = XCConfigurationList;
			buildConfigurations = (
				C38E9A361F57621400EF2E58 /* Debug */,
				C38E9A371F57621400EF2E58 /* Release */,
			);
			defaultConfigurationIsVisible = 0;
		};
/* End XCConfigurationList section */
	};
	rootObject = C38E9A1B1F57621400EF2E58 /* Project object */;
}
