// !$*UTF8*$!
{
	archiveVersion = 1;
	classes = {
	};
	objectVersion = 46;
	objects = {

/* Begin PBXBuildFile section */
		C3F33FFE1F2D1A7B00A795A0 /* main.swift in Sources */ = {isa = PBXBuildFile; fileRef = C3F33FFD1F2D1A7B00A795A0 /* main.swift */; };
		C3F340051F2D1C1500A795A0 /* Book.swift in Sources */ = {isa = PBXBuildFile; fileRef = C3F340041F2D1C1500A795A0 /* Book.swift */; };
		C3F340071F2D1D8D00A795A0 /* BookManager.swift in Sources */ = {isa = PBXBuildFile; fileRef = C3F340061F2D1D8D00A795A0 /* BookManager.swift */; };
/* End PBXBuildFile section */

/* Begin PBXCopyFilesBuildPhase section */
		C3F33FF81F2D1A7B00A795A0 /* CopyFiles */ = {
			isa = PBXCopyFilesBuildPhase;
			buildActionMask = 2147483647;
			dstPath = /usr/share/man/man1/;
			dstSubfolderSpec = 0;
			files = (
			);
			runOnlyForDeploymentPostprocessing = 1;
		};
/* End PBXCopyFilesBuildPhase section */

/* Begin PBXFileReference section */
		C3F33FFA1F2D1A7B00A795A0 /* LibraryGame */ = {isa = PBXFileReference; explicitFileType = "compiled.mach-o.executable"; includeInIndex = 0; path = LibraryGame; sourceTree = BUILT_PRODUCTS_DIR; };
		C3F33FFD1F2D1A7B00A795A0 /* main.swift */ = {isa = PBXFileReference; lastKnownFileType = sourcecode.swift; path = main.swift; sourceTree = "<group>"; };
		C3F340041F2D1C1500A795A0 /* Book.swift */ = {isa = PBXFileReference; fileEncoding = 4; lastKnownFileType = sourcecode.swift; path = Book.swift; sourceTree = "<group>"; };
		C3F340061F2D1D8D00A795A0 /* BookManager.swift */ = {isa = PBXFileReference; fileEncoding = 4; lastKnownFileType = sourcecode.swift; path = BookManager.swift; sourceTree = "<group>"; };
/* End PBXFileReference section */

/* Begin PBXFrameworksBuildPhase section */
		C3F33FF71F2D1A7B00A795A0 /* Frameworks */ = {
			isa = PBXFrameworksBuildPhase;
			buildActionMask = 2147483647;
			files = (
			);
			runOnlyForDeploymentPostprocessing = 0;
		};
/* End PBXFrameworksBuildPhase section */

/* Begin PBXGroup section */
		C3F33FF11F2D1A7B00A795A0 = {
			isa = PBXGroup;
			children = (
				C3F33FFC1F2D1A7B00A795A0 /* LibraryGame */,
				C3F33FFB1F2D1A7B00A795A0 /* Products */,
			);
			sourceTree = "<group>";
		};
		C3F33FFB1F2D1A7B00A795A0 /* Products */ = {
			isa = PBXGroup;
			children = (
				C3F33FFA1F2D1A7B00A795A0 /* LibraryGame */,
			);
			name = Products;
			sourceTree = "<group>";
		};
		C3F33FFC1F2D1A7B00A795A0 /* LibraryGame */ = {
			isa = PBXGroup;
			children = (
				C3F33FFD1F2D1A7B00A795A0 /* main.swift */,
				C3F340041F2D1C1500A795A0 /* Book.swift */,
				C3F340061F2D1D8D00A795A0 /* BookManager.swift */,
			);
			path = LibraryGame;
			sourceTree = "<group>";
		};
/* End PBXGroup section */

/* Begin PBXNativeTarget section */
		C3F33FF91F2D1A7B00A795A0 /* LibraryGame */ = {
			isa = PBXNativeTarget;
			buildConfigurationList = C3F340011F2D1A7C00A795A0 /* Build configuration list for PBXNativeTarget "LibraryGame" */;
			buildPhases = (
				C3F33FF61F2D1A7B00A795A0 /* Sources */,
				C3F33FF71F2D1A7B00A795A0 /* Frameworks */,
				C3F33FF81F2D1A7B00A795A0 /* CopyFiles */,
			);
			buildRules = (
			);
			dependencies = (
			);
			name = LibraryGame;
			productName = LibraryGame;
			productReference = C3F33FFA1F2D1A7B00A795A0 /* LibraryGame */;
			productType = "com.apple.product-type.tool";
		};
/* End PBXNativeTarget section */

/* Begin PBXProject section */
		C3F33FF21F2D1A7B00A795A0 /* Project object */ = {
			isa = PBXProject;
			attributes = {
				LastSwiftUpdateCheck = 0830;
				LastUpgradeCheck = 0830;
				ORGANIZATIONNAME = "Lizzie Kim";
				TargetAttributes = {
					C3F33FF91F2D1A7B00A795A0 = {
						CreatedOnToolsVersion = 8.3.3;
						ProvisioningStyle = Automatic;
					};
				};
			};
			buildConfigurationList = C3F33FF51F2D1A7B00A795A0 /* Build configuration list for PBXProject "LibraryGame" */;
			compatibilityVersion = "Xcode 3.2";
			developmentRegion = English;
			hasScannedForEncodings = 0;
			knownRegions = (
				en,
			);
			mainGroup = C3F33FF11F2D1A7B00A795A0;
			productRefGroup = C3F33FFB1F2D1A7B00A795A0 /* Products */;
			projectDirPath = "";
			projectRoot = "";
			targets = (
				C3F33FF91F2D1A7B00A795A0 /* LibraryGame */,
			);
		};
/* End PBXProject section */

/* Begin PBXSourcesBuildPhase section */
		C3F33FF61F2D1A7B00A795A0 /* Sources */ = {
			isa = PBXSourcesBuildPhase;
			buildActionMask = 2147483647;
			files = (
				C3F340071F2D1D8D00A795A0 /* BookManager.swift in Sources */,
				C3F340051F2D1C1500A795A0 /* Book.swift in Sources */,
				C3F33FFE1F2D1A7B00A795A0 /* main.swift in Sources */,
			);
			runOnlyForDeploymentPostprocessing = 0;
		};
/* End PBXSourcesBuildPhase section */

/* Begin XCBuildConfiguration section */
		C3F33FFF1F2D1A7B00A795A0 /* Debug */ = {
			isa = XCBuildConfiguration;
			buildSettings = {
				ALWAYS_SEARCH_USER_PATHS = NO;
				CLANG_ANALYZER_NONNULL = YES;
				CLANG_ANALYZER_NUMBER_OBJECT_CONVERSION = YES_AGGRESSIVE;
				CLANG_CXX_LANGUAGE_STANDARD = "gnu++0x";
				CLANG_CXX_LIBRARY = "libc++";
				CLANG_ENABLE_MODULES = YES;
				CLANG_ENABLE_OBJC_ARC = YES;
				CLANG_WARN_BOOL_CONVERSION = YES;
				CLANG_WARN_CONSTANT_CONVERSION = YES;
				CLANG_WARN_DIRECT_OBJC_ISA_USAGE = YES_ERROR;
				CLANG_WARN_DOCUMENTATION_COMMENTS = YES;
				CLANG_WARN_EMPTY_BODY = YES;
				CLANG_WARN_ENUM_CONVERSION = YES;
				CLANG_WARN_INFINITE_RECURSION = YES;
				CLANG_WARN_INT_CONVERSION = YES;
				CLANG_WARN_OBJC_ROOT_CLASS = YES_ERROR;
				CLANG_WARN_SUSPICIOUS_MOVE = YES;
				CLANG_WARN_UNREACHABLE_CODE = YES;
				CLANG_WARN__DUPLICATE_METHOD_MATCH = YES;
				CODE_SIGN_IDENTITY = "-";
				COPY_PHASE_STRIP = NO;
				DEBUG_INFORMATION_FORMAT = dwarf;
				ENABLE_STRICT_OBJC_MSGSEND = YES;
				ENABLE_TESTABILITY = YES;
				GCC_C_LANGUAGE_STANDARD = gnu99;
				GCC_DYNAMIC_NO_PIC = NO;
				GCC_NO_COMMON_BLOCKS = YES;
				GCC_OPTIMIZATION_LEVEL = 0;
				GCC_PREPROCESSOR_DEFINITIONS = (
					"DEBUG=1",
					"$(inherited)",
				);
				GCC_WARN_64_TO_32_BIT_CONVERSION = YES;
				GCC_WARN_ABOUT_RETURN_TYPE = YES_ERROR;
				GCC_WARN_UNDECLARED_SELECTOR = YES;
				GCC_WARN_UNINITIALIZED_AUTOS = YES_AGGRESSIVE;
				GCC_WARN_UNUSED_FUNCTION = YES;
				GCC_WARN_UNUSED_VARIABLE = YES;
				MACOSX_DEPLOYMENT_TARGET = 10.12;
				MTL_ENABLE_DEBUG_INFO = YES;
				ONLY_ACTIVE_ARCH = YES;
				SDKROOT = macosx;
				SWIFT_OPTIMIZATION_LEVEL = "-Onone";
			};
			name = Debug;
		};
		C3F340001F2D1A7B00A795A0 /* Release */ = {
			isa = XCBuildConfiguration;
			buildSettings = {
				ALWAYS_SEARCH_USER_PATHS = NO;
				CLANG_ANALYZER_NONNULL = YES;
				CLANG_ANALYZER_NUMBER_OBJECT_CONVERSION = YES_AGGRESSIVE;
				CLANG_CXX_LANGUAGE_STANDARD = "gnu++0x";
				CLANG_CXX_LIBRARY = "libc++";
				CLANG_ENABLE_MODULES = YES;
				CLANG_ENABLE_OBJC_ARC = YES;
				CLANG_WARN_BOOL_CONVERSION = YES;
				CLANG_WARN_CONSTANT_CONVERSION = YES;
				CLANG_WARN_DIRECT_OBJC_ISA_USAGE = YES_ERROR;
				CLANG_WARN_DOCUMENTATION_COMMENTS = YES;
				CLANG_WARN_EMPTY_BODY = YES;
				CLANG_WARN_ENUM_CONVERSION = YES;
				CLANG_WARN_INFINITE_RECURSION = YES;
				CLANG_WARN_INT_CONVERSION = YES;
				CLANG_WARN_OBJC_ROOT_CLASS = YES_ERROR;
				CLANG_WARN_SUSPICIOUS_MOVE = YES;
				CLANG_WARN_UNREACHABLE_CODE = YES;
				CLANG_WARN__DUPLICATE_METHOD_MATCH = YES;
				CODE_SIGN_IDENTITY = "-";
				COPY_PHASE_STRIP = NO;
				DEBUG_INFORMATION_FORMAT = "dwarf-with-dsym";
				ENABLE_NS_ASSERTIONS = NO;
				ENABLE_STRICT_OBJC_MSGSEND = YES;
				GCC_C_LANGUAGE_STANDARD = gnu99;
				GCC_NO_COMMON_BLOCKS = YES;
				GCC_WARN_64_TO_32_BIT_CONVERSION = YES;
				GCC_WARN_ABOUT_RETURN_TYPE = YES_ERROR;
				GCC_WARN_UNDECLARED_SELECTOR = YES;
				GCC_WARN_UNINITIALIZED_AUTOS = YES_AGGRESSIVE;
				GCC_WARN_UNUSED_FUNCTION = YES;
				GCC_WARN_UNUSED_VARIABLE = YES;
				MACOSX_DEPLOYMENT_TARGET = 10.12;
				MTL_ENABLE_DEBUG_INFO = NO;
				SDKROOT = macosx;
			};
			name = Release;
		};
		C3F340021F2D1A7C00A795A0 /* Debug */ = {
			isa = XCBuildConfiguration;
			buildSettings = {
				PRODUCT_NAME = "$(TARGET_NAME)";
				SWIFT_VERSION = 3.0;
			};
			name = Debug;
		};
		C3F340031F2D1A7C00A795A0 /* Release */ = {
			isa = XCBuildConfiguration;
			buildSettings = {
				PRODUCT_NAME = "$(TARGET_NAME)";
				SWIFT_VERSION = 3.0;
			};
			name = Release;
		};
/* End XCBuildConfiguration section */

/* Begin XCConfigurationList section */
		C3F33FF51F2D1A7B00A795A0 /* Build configuration list for PBXProject "LibraryGame" */ = {
			isa = XCConfigurationList;
			buildConfigurations = (
				C3F33FFF1F2D1A7B00A795A0 /* Debug */,
				C3F340001F2D1A7B00A795A0 /* Release */,
			);
			defaultConfigurationIsVisible = 0;
			defaultConfigurationName = Release;
		};
		C3F340011F2D1A7C00A795A0 /* Build configuration list for PBXNativeTarget "LibraryGame" */ = {
			isa = XCConfigurationList;
			buildConfigurations = (
				C3F340021F2D1A7C00A795A0 /* Debug */,
				C3F340031F2D1A7C00A795A0 /* Release */,
			);
			defaultConfigurationIsVisible = 0;
		};
/* End XCConfigurationList section */
	};
	rootObject = C3F33FF21F2D1A7B00A795A0 /* Project object */;
}
