// !$*UTF8*$!
{
	archiveVersion = 1;
	classes = {
	};
	objectVersion = 46;
	objects = {

/* Begin PBXBuildFile section */
		C32E3FC31F32D2B600CDF6C8 /* AppDelegate.swift in Sources */ = {isa = PBXBuildFile; fileRef = C32E3FC21F32D2B600CDF6C8 /* AppDelegate.swift */; };
		C32E3FC51F32D2B600CDF6C8 /* ViewController.swift in Sources */ = {isa = PBXBuildFile; fileRef = C32E3FC41F32D2B600CDF6C8 /* ViewController.swift */; };
		C32E3FC81F32D2B600CDF6C8 /* Main.storyboard in Resources */ = {isa = PBXBuildFile; fileRef = C32E3FC61F32D2B600CDF6C8 /* Main.storyboard */; };
		C32E3FCA1F32D2B600CDF6C8 /* Assets.xcassets in Resources */ = {isa = PBXBuildFile; fileRef = C32E3FC91F32D2B600CDF6C8 /* Assets.xcassets */; };
		C32E3FCD1F32D2B600CDF6C8 /* LaunchScreen.storyboard in Resources */ = {isa = PBXBuildFile; fileRef = C32E3FCB1F32D2B600CDF6C8 /* LaunchScreen.storyboard */; };
		C32E3FD81F32D32000CDF6C8 /* IMG_4179.JPG in Resources */ = {isa = PBXBuildFile; fileRef = C32E3FD51F32D32000CDF6C8 /* IMG_4179.JPG */; };
		C32E3FD91F32D32000CDF6C8 /* IMG_4198.JPG in Resources */ = {isa = PBXBuildFile; fileRef = C32E3FD61F32D32000CDF6C8 /* IMG_4198.JPG */; };
		C32E3FDA1F32D32000CDF6C8 /* IMG_4317.JPG in Resources */ = {isa = PBXBuildFile; fileRef = C32E3FD71F32D32000CDF6C8 /* IMG_4317.JPG */; };
/* End PBXBuildFile section */

/* Begin PBXFileReference section */
		C32E3FBF1F32D2B600CDF6C8 /* DigitalFrame.app */ = {isa = PBXFileReference; explicitFileType = wrapper.application; includeInIndex = 0; path = DigitalFrame.app; sourceTree = BUILT_PRODUCTS_DIR; };
		C32E3FC21F32D2B600CDF6C8 /* AppDelegate.swift */ = {isa = PBXFileReference; lastKnownFileType = sourcecode.swift; path = AppDelegate.swift; sourceTree = "<group>"; };
		C32E3FC41F32D2B600CDF6C8 /* ViewController.swift */ = {isa = PBXFileReference; lastKnownFileType = sourcecode.swift; path = ViewController.swift; sourceTree = "<group>"; };
		C32E3FC71F32D2B600CDF6C8 /* Base */ = {isa = PBXFileReference; lastKnownFileType = file.storyboard; name = Base; path = Base.lproj/Main.storyboard; sourceTree = "<group>"; };
		C32E3FC91F32D2B600CDF6C8 /* Assets.xcassets */ = {isa = PBXFileReference; lastKnownFileType = folder.assetcatalog; path = Assets.xcassets; sourceTree = "<group>"; };
		C32E3FCC1F32D2B600CDF6C8 /* Base */ = {isa = PBXFileReference; lastKnownFileType = file.storyboard; name = Base; path = Base.lproj/LaunchScreen.storyboard; sourceTree = "<group>"; };
		C32E3FCE1F32D2B600CDF6C8 /* Info.plist */ = {isa = PBXFileReference; lastKnownFileType = text.plist.xml; path = Info.plist; sourceTree = "<group>"; };
		C32E3FD51F32D32000CDF6C8 /* IMG_4179.JPG */ = {isa = PBXFileReference; lastKnownFileType = image.jpeg; name = IMG_4179.JPG; path = ../../../../../../Downloads/IMG_4179.JPG; sourceTree = "<group>"; };
		C32E3FD61F32D32000CDF6C8 /* IMG_4198.JPG */ = {isa = PBXFileReference; lastKnownFileType = image.jpeg; name = IMG_4198.JPG; path = ../../../../../../Downloads/IMG_4198.JPG; sourceTree = "<group>"; };
		C32E3FD71F32D32000CDF6C8 /* IMG_4317.JPG */ = {isa = PBXFileReference; lastKnownFileType = image.jpeg; name = IMG_4317.JPG; path = ../../../../../../Downloads/IMG_4317.JPG; sourceTree = "<group>"; };
/* End PBXFileReference section */

/* Begin PBXFrameworksBuildPhase section */
		C32E3FBC1F32D2B600CDF6C8 /* Frameworks */ = {
			isa = PBXFrameworksBuildPhase;
			buildActionMask = 2147483647;
			files = (
			);
			runOnlyForDeploymentPostprocessing = 0;
		};
/* End PBXFrameworksBuildPhase section */

/* Begin PBXGroup section */
		C32E3FB61F32D2B500CDF6C8 = {
			isa = PBXGroup;
			children = (
				C32E3FC11F32D2B600CDF6C8 /* DigitalFrame */,
				C32E3FC01F32D2B600CDF6C8 /* Products */,
			);
			sourceTree = "<group>";
		};
		C32E3FC01F32D2B600CDF6C8 /* Products */ = {
			isa = PBXGroup;
			children = (
				C32E3FBF1F32D2B600CDF6C8 /* DigitalFrame.app */,
			);
			name = Products;
			sourceTree = "<group>";
		};
		C32E3FC11F32D2B600CDF6C8 /* DigitalFrame */ = {
			isa = PBXGroup;
			children = (
				C32E3FD41F32D2E700CDF6C8 /* Resources */,
				C32E3FC21F32D2B600CDF6C8 /* AppDelegate.swift */,
				C32E3FC41F32D2B600CDF6C8 /* ViewController.swift */,
				C32E3FC61F32D2B600CDF6C8 /* Main.storyboard */,
				C32E3FC91F32D2B600CDF6C8 /* Assets.xcassets */,
				C32E3FCB1F32D2B600CDF6C8 /* LaunchScreen.storyboard */,
				C32E3FCE1F32D2B600CDF6C8 /* Info.plist */,
			);
			path = DigitalFrame;
			sourceTree = "<group>";
		};
		C32E3FD41F32D2E700CDF6C8 /* Resources */ = {
			isa = PBXGroup;
			children = (
				C32E3FD51F32D32000CDF6C8 /* IMG_4179.JPG */,
				C32E3FD61F32D32000CDF6C8 /* IMG_4198.JPG */,
				C32E3FD71F32D32000CDF6C8 /* IMG_4317.JPG */,
			);
			name = Resources;
			sourceTree = "<group>";
		};
/* End PBXGroup section */

/* Begin PBXNativeTarget section */
		C32E3FBE1F32D2B600CDF6C8 /* DigitalFrame */ = {
			isa = PBXNativeTarget;
			buildConfigurationList = C32E3FD11F32D2B600CDF6C8 /* Build configuration list for PBXNativeTarget "DigitalFrame" */;
			buildPhases = (
				C32E3FBB1F32D2B600CDF6C8 /* Sources */,
				C32E3FBC1F32D2B600CDF6C8 /* Frameworks */,
				C32E3FBD1F32D2B600CDF6C8 /* Resources */,
			);
			buildRules = (
			);
			dependencies = (
			);
			name = DigitalFrame;
			productName = DigitalFrame;
			productReference = C32E3FBF1F32D2B600CDF6C8 /* DigitalFrame.app */;
			productType = "com.apple.product-type.application";
		};
/* End PBXNativeTarget section */

/* Begin PBXProject section */
		C32E3FB71F32D2B600CDF6C8 /* Project object */ = {
			isa = PBXProject;
			attributes = {
				LastSwiftUpdateCheck = 0830;
				LastUpgradeCheck = 0830;
				ORGANIZATIONNAME = "Lizzie Kim";
				TargetAttributes = {
					C32E3FBE1F32D2B600CDF6C8 = {
						CreatedOnToolsVersion = 8.3.3;
						ProvisioningStyle = Automatic;
					};
				};
			};
			buildConfigurationList = C32E3FBA1F32D2B600CDF6C8 /* Build configuration list for PBXProject "DigitalFrame" */;
			compatibilityVersion = "Xcode 3.2";
			developmentRegion = English;
			hasScannedForEncodings = 0;
			knownRegions = (
				en,
				Base,
			);
			mainGroup = C32E3FB61F32D2B500CDF6C8;
			productRefGroup = C32E3FC01F32D2B600CDF6C8 /* Products */;
			projectDirPath = "";
			projectRoot = "";
			targets = (
				C32E3FBE1F32D2B600CDF6C8 /* DigitalFrame */,
			);
		};
/* End PBXProject section */

/* Begin PBXResourcesBuildPhase section */
		C32E3FBD1F32D2B600CDF6C8 /* Resources */ = {
			isa = PBXResourcesBuildPhase;
			buildActionMask = 2147483647;
			files = (
				C32E3FD81F32D32000CDF6C8 /* IMG_4179.JPG in Resources */,
				C32E3FCD1F32D2B600CDF6C8 /* LaunchScreen.storyboard in Resources */,
				C32E3FDA1F32D32000CDF6C8 /* IMG_4317.JPG in Resources */,
				C32E3FD91F32D32000CDF6C8 /* IMG_4198.JPG in Resources */,
				C32E3FCA1F32D2B600CDF6C8 /* Assets.xcassets in Resources */,
				C32E3FC81F32D2B600CDF6C8 /* Main.storyboard in Resources */,
			);
			runOnlyForDeploymentPostprocessing = 0;
		};
/* End PBXResourcesBuildPhase section */

/* Begin PBXSourcesBuildPhase section */
		C32E3FBB1F32D2B600CDF6C8 /* Sources */ = {
			isa = PBXSourcesBuildPhase;
			buildActionMask = 2147483647;
			files = (
				C32E3FC51F32D2B600CDF6C8 /* ViewController.swift in Sources */,
				C32E3FC31F32D2B600CDF6C8 /* AppDelegate.swift in Sources */,
			);
			runOnlyForDeploymentPostprocessing = 0;
		};
/* End PBXSourcesBuildPhase section */

/* Begin PBXVariantGroup section */
		C32E3FC61F32D2B600CDF6C8 /* Main.storyboard */ = {
			isa = PBXVariantGroup;
			children = (
				C32E3FC71F32D2B600CDF6C8 /* Base */,
			);
			name = Main.storyboard;
			sourceTree = "<group>";
		};
		C32E3FCB1F32D2B600CDF6C8 /* LaunchScreen.storyboard */ = {
			isa = PBXVariantGroup;
			children = (
				C32E3FCC1F32D2B600CDF6C8 /* Base */,
			);
			name = LaunchScreen.storyboard;
			sourceTree = "<group>";
		};
/* End PBXVariantGroup section */

/* Begin XCBuildConfiguration section */
		C32E3FCF1F32D2B600CDF6C8 /* Debug */ = {
			isa = XCBuildConfiguration;
			buildSettings = {
				ALWAYS_SEARCH_USER_PATHS = NO;
				CLANG_ANALYZER_NONNULL = YES;
				CLANG_ANALYZER_NUMBER_OBJECT_CONVERSION = YES_AGGRESSIVE;
				CLANG_CXX_LANGUAGE_STANDARD = "gnu++0x";
				CLANG_CXX_LIBRARY = "libc++";
				CLANG_ENABLE_MODULES = YES;
				CLANG_ENABLE_OBJC_ARC = YES;
				CLANG_WARN_BOOL_CONVERSION = YES;
				CLANG_WARN_CONSTANT_CONVERSION = YES;
				CLANG_WARN_DIRECT_OBJC_ISA_USAGE = YES_ERROR;
				CLANG_WARN_DOCUMENTATION_COMMENTS = YES;
				CLANG_WARN_EMPTY_BODY = YES;
				CLANG_WARN_ENUM_CONVERSION = YES;
				CLANG_WARN_INFINITE_RECURSION = YES;
				CLANG_WARN_INT_CONVERSION = YES;
				CLANG_WARN_OBJC_ROOT_CLASS = YES_ERROR;
				CLANG_WARN_SUSPICIOUS_MOVE = YES;
				CLANG_WARN_UNREACHABLE_CODE = YES;
				CLANG_WARN__DUPLICATE_METHOD_MATCH = YES;
				"CODE_SIGN_IDENTITY[sdk=iphoneos*]" = "iPhone Developer";
				COPY_PHASE_STRIP = NO;
				DEBUG_INFORMATION_FORMAT = dwarf;
				ENABLE_STRICT_OBJC_MSGSEND = YES;
				ENABLE_TESTABILITY = YES;
				GCC_C_LANGUAGE_STANDARD = gnu99;
				GCC_DYNAMIC_NO_PIC = NO;
				GCC_NO_COMMON_BLOCKS = YES;
				GCC_OPTIMIZATION_LEVEL = 0;
				GCC_PREPROCESSOR_DEFINITIONS = (
					"DEBUG=1",
					"$(inherited)",
				);
				GCC_WARN_64_TO_32_BIT_CONVERSION = YES;
				GCC_WARN_ABOUT_RETURN_TYPE = YES_ERROR;
				GCC_WARN_UNDECLARED_SELECTOR = YES;
				GCC_WARN_UNINITIALIZED_AUTOS = YES_AGGRESSIVE;
				GCC_WARN_UNUSED_FUNCTION = YES;
				GCC_WARN_UNUSED_VARIABLE = YES;
				IPHONEOS_DEPLOYMENT_TARGET = 10.3;
				MTL_ENABLE_DEBUG_INFO = YES;
				ONLY_ACTIVE_ARCH = YES;
				SDKROOT = iphoneos;
				SWIFT_ACTIVE_COMPILATION_CONDITIONS = DEBUG;
				SWIFT_OPTIMIZATION_LEVEL = "-Onone";
			};
			name = Debug;
		};
		C32E3FD01F32D2B600CDF6C8 /* Release */ = {
			isa = XCBuildConfiguration;
			buildSettings = {
				ALWAYS_SEARCH_USER_PATHS = NO;
				CLANG_ANALYZER_NONNULL = YES;
				CLANG_ANALYZER_NUMBER_OBJECT_CONVERSION = YES_AGGRESSIVE;
				CLANG_CXX_LANGUAGE_STANDARD = "gnu++0x";
				CLANG_CXX_LIBRARY = "libc++";
				CLANG_ENABLE_MODULES = YES;
				CLANG_ENABLE_OBJC_ARC = YES;
				CLANG_WARN_BOOL_CONVERSION = YES;
				CLANG_WARN_CONSTANT_CONVERSION = YES;
				CLANG_WARN_DIRECT_OBJC_ISA_USAGE = YES_ERROR;
				CLANG_WARN_DOCUMENTATION_COMMENTS = YES;
				CLANG_WARN_EMPTY_BODY = YES;
				CLANG_WARN_ENUM_CONVERSION = YES;
				CLANG_WARN_INFINITE_RECURSION = YES;
				CLANG_WARN_INT_CONVERSION = YES;
				CLANG_WARN_OBJC_ROOT_CLASS = YES_ERROR;
				CLANG_WARN_SUSPICIOUS_MOVE = YES;
				CLANG_WARN_UNREACHABLE_CODE = YES;
				CLANG_WARN__DUPLICATE_METHOD_MATCH = YES;
				"CODE_SIGN_IDENTITY[sdk=iphoneos*]" = "iPhone Developer";
				COPY_PHASE_STRIP = NO;
				DEBUG_INFORMATION_FORMAT = "dwarf-with-dsym";
				ENABLE_NS_ASSERTIONS = NO;
				ENABLE_STRICT_OBJC_MSGSEND = YES;
				GCC_C_LANGUAGE_STANDARD = gnu99;
				GCC_NO_COMMON_BLOCKS = YES;
				GCC_WARN_64_TO_32_BIT_CONVERSION = YES;
				GCC_WARN_ABOUT_RETURN_TYPE = YES_ERROR;
				GCC_WARN_UNDECLARED_SELECTOR = YES;
				GCC_WARN_UNINITIALIZED_AUTOS = YES_AGGRESSIVE;
				GCC_WARN_UNUSED_FUNCTION = YES;
				GCC_WARN_UNUSED_VARIABLE = YES;
				IPHONEOS_DEPLOYMENT_TARGET = 10.3;
				MTL_ENABLE_DEBUG_INFO = NO;
				SDKROOT = iphoneos;
				SWIFT_OPTIMIZATION_LEVEL = "-Owholemodule";
				VALIDATE_PRODUCT = YES;
			};
			name = Release;
		};
		C32E3FD21F32D2B600CDF6C8 /* Debug */ = {
			isa = XCBuildConfiguration;
			buildSettings = {
				ASSETCATALOG_COMPILER_APPICON_NAME = AppIcon;
				INFOPLIST_FILE = DigitalFrame/Info.plist;
				LD_RUNPATH_SEARCH_PATHS = "$(inherited) @executable_path/Frameworks";
				PRODUCT_BUNDLE_IDENTIFIER = Tester.DigitalFrame;
				PRODUCT_NAME = "$(TARGET_NAME)";
				SWIFT_VERSION = 3.0;
			};
			name = Debug;
		};
		C32E3FD31F32D2B600CDF6C8 /* Release */ = {
			isa = XCBuildConfiguration;
			buildSettings = {
				ASSETCATALOG_COMPILER_APPICON_NAME = AppIcon;
				INFOPLIST_FILE = DigitalFrame/Info.plist;
				LD_RUNPATH_SEARCH_PATHS = "$(inherited) @executable_path/Frameworks";
				PRODUCT_BUNDLE_IDENTIFIER = Tester.DigitalFrame;
				PRODUCT_NAME = "$(TARGET_NAME)";
				SWIFT_VERSION = 3.0;
			};
			name = Release;
		};
/* End XCBuildConfiguration section */

/* Begin XCConfigurationList section */
		C32E3FBA1F32D2B600CDF6C8 /* Build configuration list for PBXProject "DigitalFrame" */ = {
			isa = XCConfigurationList;
			buildConfigurations = (
				C32E3FCF1F32D2B600CDF6C8 /* Debug */,
				C32E3FD01F32D2B600CDF6C8 /* Release */,
			);
			defaultConfigurationIsVisible = 0;
			defaultConfigurationName = Release;
		};
		C32E3FD11F32D2B600CDF6C8 /* Build configuration list for PBXNativeTarget "DigitalFrame" */ = {
			isa = XCConfigurationList;
			buildConfigurations = (
				C32E3FD21F32D2B600CDF6C8 /* Debug */,
				C32E3FD31F32D2B600CDF6C8 /* Release */,
			);
			defaultConfigurationIsVisible = 0;
		};
/* End XCConfigurationList section */
	};
	rootObject = C32E3FB71F32D2B600CDF6C8 /* Project object */;
}
